<?xml version="1.0" encoding="utf-8"?>
<Project ToolsVersion="4.0" xmlns="http://schemas.microsoft.com/developer/msbuild/2003">
  <ItemGroup>
    <Filter Include="源文件">
      <UniqueIdentifier>{4FC737F1-C7A5-4376-A066-2A32D752A2FF}</UniqueIdentifier>
      <Extensions>cpp;c;cc;cxx;def;odl;idl;hpj;bat;asm;asmx</Extensions>
    </Filter>
    <Filter Include="头文件">
      <UniqueIdentifier>{93995380-89BD-4b04-88EB-625FBE52EBFB}</UniqueIdentifier>
      <Extensions>h;hh;hpp;hxx;hm;inl;inc;xsd</Extensions>
    </Filter>
    <Filter Include="头文件\other">
      <UniqueIdentifier>{ce62c739-ae90-4135-9895-51b8d8f41a5e}</UniqueIdentifier>
    </Filter>
    <Filter Include="头文件\declaration">
      <UniqueIdentifier>{a34c4c1e-7a9b-4b0b-99e2-986b1eb433b9}</UniqueIdentifier>
    </Filter>
  </ItemGroup>
  <ItemGroup>
    <ClInclude Include="stdafx.h">
      <Filter>头文件\other</Filter>
    </ClInclude>
    <ClInclude Include="vector.h">
      <Filter>头文件\declaration</Filter>
    </ClInclude>
    <ClInclude Include="vector_implement.h">
      <Filter>头文件\declaration</Filter>
    </ClInclude>
  </ItemGroup>
  <ItemGroup>
    <ClCompile Include="vector.cpp">
      <Filter>源文件</Filter>
    </ClCompile>
    <ClCompile Include="stdafx.cpp">
      <Filter>源文件</Filter>
    </ClCompile>
  </ItemGroup>
</Project>